
Microsoft Visual Studio Solution File, Format Version 11.00
# Visual Studio 2010
Project("{8BC9CEB8-8B4A-11D0-8D11-00A0C91BC942}") = "PlanIt", "PlanIt\PlanIt.vcxproj", "{3BC1CE50-CFF6-4977-8873-C8EC1261698A}"
EndProject
Project("{8BC9CEB8-8B4A-11D0-8D11-00A0C91BC942}") = "UILib", "UILib\UILib.vcxproj", "{2BDDDF66-B5C2-4A61-815E-BCC0F4CF502A}"
EndProject
Global
	GlobalSection(SolutionConfigurationPlatforms) = preSolution
		Debug|Win32 = Debug|Win32
		Release|Win32 = Release|Win32
	EndGlobalSection
	GlobalSection(ProjectConfigurationPlatforms) = postSolution
		{3BC1CE50-CFF6-4977-8873-C8EC1261698A}.Debug|Win32.ActiveCfg = Debug|Win32
		{3BC1CE50-CFF6-4977-8873-C8EC1261698A}.Debug|Win32.Build.0 = Debug|Win32
		{3BC1CE50-CFF6-4977-8873-C8EC1261698A}.Release|Win32.ActiveCfg = Release|Win32
		{3BC1CE50-CFF6-4977-8873-C8EC1261698A}.Release|Win32.Build.0 = Release|Win32
		{2BDDDF66-B5C2-4A61-815E-BCC0F4CF502A}.Debug|Win32.ActiveCfg = Debug|Win32
		{2BDDDF66-B5C2-4A61-815E-BCC0F4CF502A}.Debug|Win32.Build.0 = Debug|Win32
		{2BDDDF66-B5C2-4A61-815E-BCC0F4CF502A}.Release|Win32.ActiveCfg = Release|Win32
		{2BDDDF66-B5C2-4A61-815E-BCC0F4CF502A}.Release|Win32.Build.0 = Release|Win32
	EndGlobalSection
	GlobalSection(SolutionProperties) = preSolution
		HideSolutionNode = FALSE
	EndGlobalSection
EndGlobal
